{
  "name": "todotxt-recur",
  "version": "0.1.0",
  "lockfileVersion": 3,
  "requires": true,
  "packages": {
    "": {
      "name": "todotxt-recur",
      "version": "0.1.0",
      "license": "MIT",
      "dependencies": {
        "todotxt-utils": "^0.1.0"
      }
    },
    "node_modules/todotxt-utils": {
      "version": "0.1.0",
      "resolved": "https://registry.npmjs.org/todotxt-utils/-/todotxt-utils-0.1.0.tgz",
      "integrity": "sha512-e3cR2RVgVkWdSaRy/q7IlFYtDHkcHWiE50gtvDTTyCy+8wjEFI5Q2xhrJnWBWCRj08BZe1oXV1Z+7rr48GKYlw==",
      "license": "MIT"
    }
  }
}
